
Microsoft Visual Studio Solution File, Format Version 12.00
# Visual Studio Version 17
VisualStudioVersion = 17.0.32014.148
MinimumVisualStudioVersion = 10.0.40219.1
Project("{9A19103F-16F7-4668-BE54-9A1E7A4F7556}") = "HR.KvkConnector", "HR.KvkConnector\HR.KvkConnector.csproj", "{1DAEED29-5608-4539-B5EA-984F28A1E8D9}"
EndProject
Project("{2150E333-8FDC-42A3-9474-1A3956D46DE8}") = "Solution Items", "Solution Items", "{EA138054-E664-45B8-A920-0B3EF773EA4D}"
	ProjectSection(SolutionItems) = preProject
		Directory.Build.props = Directory.Build.props
		README.md = README.md
	EndProjectSection
EndProject
Project("{9A19103F-16F7-4668-BE54-9A1E7A4F7556}") = "HR.KvkConnector.Tests", "HR.KvkConnector.Tests\HR.KvkConnector.Tests.csproj", "{48E9C31C-7644-42A0-A0FA-53D6401B6DF4}"
EndProject
Global
	GlobalSection(SolutionConfigurationPlatforms) = preSolution
		Debug|Any CPU = Debug|Any CPU
		Release|Any CPU = Release|Any CPU
	EndGlobalSection
	GlobalSection(ProjectConfigurationPlatforms) = postSolution
		{1DAEED29-5608-4539-B5EA-984F28A1E8D9}.Debug|Any CPU.ActiveCfg = Debug|Any CPU
		{1DAEED29-5608-4539-B5EA-984F28A1E8D9}.Debug|Any CPU.Build.0 = Debug|Any CPU
		{1DAEED29-5608-4539-B5EA-984F28A1E8D9}.Release|Any CPU.ActiveCfg = Release|Any CPU
		{1DAEED29-5608-4539-B5EA-984F28A1E8D9}.Release|Any CPU.Build.0 = Release|Any CPU
		{48E9C31C-7644-42A0-A0FA-53D6401B6DF4}.Debug|Any CPU.ActiveCfg = Debug|Any CPU
		{48E9C31C-7644-42A0-A0FA-53D6401B6DF4}.Debug|Any CPU.Build.0 = Debug|Any CPU
		{48E9C31C-7644-42A0-A0FA-53D6401B6DF4}.Release|Any CPU.ActiveCfg = Release|Any CPU
		{48E9C31C-7644-42A0-A0FA-53D6401B6DF4}.Release|Any CPU.Build.0 = Release|Any CPU
	EndGlobalSection
	GlobalSection(SolutionProperties) = preSolution
		HideSolutionNode = FALSE
	EndGlobalSection
	GlobalSection(ExtensibilityGlobals) = postSolution
		SolutionGuid = {D380C491-446C-4B94-B5C3-11FDA157CCDE}
	EndGlobalSection
EndGlobal
